
Microsoft Visual Studio Solution File, Format Version 12.00
# Visual Studio Version 16
VisualStudioVersion = 16.0.30517.126
MinimumVisualStudioVersion = 10.0.40219.1
Project("{FAE04EC0-301F-11D3-BF4B-00C04F79EFBC}") = "UDPClientExample", "UDPClientExample.csproj", "{76B8357A-4DB8-49C7-9373-2A035D851AC1}"
EndProject
Global
	GlobalSection(SolutionConfigurationPlatforms) = preSolution
		Debug|Any CPU = Debug|Any CPU
		Release|Any CPU = Release|Any CPU
	EndGlobalSection
	GlobalSection(ProjectConfigurationPlatforms) = postSolution
		{76B8357A-4DB8-49C7-9373-2A035D851AC1}.Debug|Any CPU.ActiveCfg = Debug|Any CPU
		{76B8357A-4DB8-49C7-9373-2A035D851AC1}.Debug|Any CPU.Build.0 = Debug|Any CPU
		{76B8357A-4DB8-49C7-9373-2A035D851AC1}.Release|Any CPU.ActiveCfg = Release|Any CPU
		{76B8357A-4DB8-49C7-9373-2A035D851AC1}.Release|Any CPU.Build.0 = Release|Any CPU
	EndGlobalSection
	GlobalSection(SolutionProperties) = preSolution
		HideSolutionNode = FALSE
	EndGlobalSection
	GlobalSection(ExtensibilityGlobals) = postSolution
		SolutionGuid = {63483840-C55E-496B-88E9-83F02E7A0D37}
	EndGlobalSection
EndGlobal
